
Microsoft Visual Studio Solution File, Format Version 12.00
# Visual Studio Version 17
VisualStudioVersion = 17.7.34302.85
MinimumVisualStudioVersion = 10.0.40219.1
Project("{FAE04EC0-301F-11D3-BF4B-00C04F79EFBC}") = "HomePage.Server", "Server\HomePage.Server.csproj", "{31EF3095-9863-45BF-9142-BADB5B401984}"
EndProject
Project("{FAE04EC0-301F-11D3-BF4B-00C04F79EFBC}") = "HomePage.Client", "Client\HomePage.Client.csproj", "{0AD40FCD-BE27-45D9-BD25-5B3B0EC94DAA}"
EndProject
Project("{FAE04EC0-301F-11D3-BF4B-00C04F79EFBC}") = "HomePage.Shared", "Shared\HomePage.Shared.csproj", "{D313D3DB-CEAF-46DC-A24A-D0FE2DD674A4}"
EndProject
Global
	GlobalSection(SolutionConfigurationPlatforms) = preSolution
		Debug|Any CPU = Debug|Any CPU
		Release|Any CPU = Release|Any CPU
	EndGlobalSection
	GlobalSection(ProjectConfigurationPlatforms) = postSolution
		{31EF3095-9863-45BF-9142-BADB5B401984}.Debug|Any CPU.ActiveCfg = Debug|Any CPU
		{31EF3095-9863-45BF-9142-BADB5B401984}.Debug|Any CPU.Build.0 = Debug|Any CPU
		{31EF3095-9863-45BF-9142-BADB5B401984}.Release|Any CPU.ActiveCfg = Release|Any CPU
		{31EF3095-9863-45BF-9142-BADB5B401984}.Release|Any CPU.Build.0 = Release|Any CPU
		{0AD40FCD-BE27-45D9-BD25-5B3B0EC94DAA}.Debug|Any CPU.ActiveCfg = Debug|Any CPU
		{0AD40FCD-BE27-45D9-BD25-5B3B0EC94DAA}.Debug|Any CPU.Build.0 = Debug|Any CPU
		{0AD40FCD-BE27-45D9-BD25-5B3B0EC94DAA}.Release|Any CPU.ActiveCfg = Release|Any CPU
		{0AD40FCD-BE27-45D9-BD25-5B3B0EC94DAA}.Release|Any CPU.Build.0 = Release|Any CPU
		{D313D3DB-CEAF-46DC-A24A-D0FE2DD674A4}.Debug|Any CPU.ActiveCfg = Debug|Any CPU
		{D313D3DB-CEAF-46DC-A24A-D0FE2DD674A4}.Debug|Any CPU.Build.0 = Debug|Any CPU
		{D313D3DB-CEAF-46DC-A24A-D0FE2DD674A4}.Release|Any CPU.ActiveCfg = Release|Any CPU
		{D313D3DB-CEAF-46DC-A24A-D0FE2DD674A4}.Release|Any CPU.Build.0 = Release|Any CPU
	EndGlobalSection
	GlobalSection(SolutionProperties) = preSolution
		HideSolutionNode = FALSE
	EndGlobalSection
	GlobalSection(ExtensibilityGlobals) = postSolution
		SolutionGuid = {20039BD8-970A-453C-9AA5-F374265900B2}
	EndGlobalSection
EndGlobal
